
Microsoft Visual Studio Solution File, Format Version 12.00
# Visual Studio 15
VisualStudioVersion = 15.0.26430.12
MinimumVisualStudioVersion = 10.0.40219.1
Project("{FAE04EC0-301F-11D3-BF4B-00C04F79EFBC}") = "WebTraining", "WebTraining\WebTraining\WebTraining.csproj", "{E0905122-94AF-477E-A38F-8DEC7ED4499B}"
EndProject
Project("{FAE04EC0-301F-11D3-BF4B-00C04F79EFBC}") = "WebTraining.DAL", "WebTraining.DAL\WebTraining.DAL.csproj", "{F85F7B02-8C3F-4E20-AB16-6F28F65959F0}"
EndProject
Project("{FAE04EC0-301F-11D3-BF4B-00C04F79EFBC}") = "WebTraining.BLL", "WebTraining.BLL\WebTraining.BLL.csproj", "{1E6CB50F-95FC-4A23-B799-907C2C6E6CE5}"
EndProject
Project("{FAE04EC0-301F-11D3-BF4B-00C04F79EFBC}") = "WebTraining.Web", "WebTraining.Web\WebTraining.Web.csproj", "{0A31A2E4-1C26-4820-AE2E-C11E7B02D5D5}"
EndProject
Global
	GlobalSection(SolutionConfigurationPlatforms) = preSolution
		Debug|Any CPU = Debug|Any CPU
		Release|Any CPU = Release|Any CPU
	EndGlobalSection
	GlobalSection(ProjectConfigurationPlatforms) = postSolution
		{E0905122-94AF-477E-A38F-8DEC7ED4499B}.Debug|Any CPU.ActiveCfg = Debug|Any CPU
		{E0905122-94AF-477E-A38F-8DEC7ED4499B}.Debug|Any CPU.Build.0 = Debug|Any CPU
		{E0905122-94AF-477E-A38F-8DEC7ED4499B}.Release|Any CPU.ActiveCfg = Release|Any CPU
		{E0905122-94AF-477E-A38F-8DEC7ED4499B}.Release|Any CPU.Build.0 = Release|Any CPU
		{F85F7B02-8C3F-4E20-AB16-6F28F65959F0}.Debug|Any CPU.ActiveCfg = Debug|Any CPU
		{F85F7B02-8C3F-4E20-AB16-6F28F65959F0}.Debug|Any CPU.Build.0 = Debug|Any CPU
		{F85F7B02-8C3F-4E20-AB16-6F28F65959F0}.Release|Any CPU.ActiveCfg = Release|Any CPU
		{F85F7B02-8C3F-4E20-AB16-6F28F65959F0}.Release|Any CPU.Build.0 = Release|Any CPU
		{1E6CB50F-95FC-4A23-B799-907C2C6E6CE5}.Debug|Any CPU.ActiveCfg = Debug|Any CPU
		{1E6CB50F-95FC-4A23-B799-907C2C6E6CE5}.Debug|Any CPU.Build.0 = Debug|Any CPU
		{1E6CB50F-95FC-4A23-B799-907C2C6E6CE5}.Release|Any CPU.ActiveCfg = Release|Any CPU
		{1E6CB50F-95FC-4A23-B799-907C2C6E6CE5}.Release|Any CPU.Build.0 = Release|Any CPU
		{0A31A2E4-1C26-4820-AE2E-C11E7B02D5D5}.Debug|Any CPU.ActiveCfg = Debug|Any CPU
		{0A31A2E4-1C26-4820-AE2E-C11E7B02D5D5}.Debug|Any CPU.Build.0 = Debug|Any CPU
		{0A31A2E4-1C26-4820-AE2E-C11E7B02D5D5}.Release|Any CPU.ActiveCfg = Release|Any CPU
		{0A31A2E4-1C26-4820-AE2E-C11E7B02D5D5}.Release|Any CPU.Build.0 = Release|Any CPU
	EndGlobalSection
	GlobalSection(SolutionProperties) = preSolution
		HideSolutionNode = FALSE
	EndGlobalSection
EndGlobal
